// !$*UTF8*$!
{
	archiveVersion = 1;
	classes = {
	};
	objectVersion = 50;
	objects = {

/* Begin PBXBuildFile section */
		AA11C08323CC88F100D4155C /* inverted.c in Sources */ = {isa = PBXBuildFile; fileRef = AA11C08223CC88F100D4155C /* inverted.c */; };
		AA12EFDE23C5583A0006C284 /* numbers.c in Sources */ = {isa = PBXBuildFile; fileRef = AA12EFDD23C5583A0006C284 /* numbers.c */; };
		AA12EFE323C558AA0006C284 /* characters.c in Sources */ = {isa = PBXBuildFile; fileRef = AA12EFE223C558AA0006C284 /* characters.c */; };
		AA12EFE523C55F490006C284 /* elementary_control_structures.c in Sources */ = {isa = PBXBuildFile; fileRef = AA12EFE423C55F490006C284 /* elementary_control_structures.c */; };
		AA12EFE723C565780006C284 /* elementary_data_structures.c in Sources */ = {isa = PBXBuildFile; fileRef = AA12EFE623C565780006C284 /* elementary_data_structures.c */; };
		AA131A8523C40E2D00482B9A /* brackets.c in Sources */ = {isa = PBXBuildFile; fileRef = AA131A8423C40E2D00482B9A /* brackets.c */; };
		AA131A8D23C40F2A00482B9A /* Stack.c in Sources */ = {isa = PBXBuildFile; fileRef = AA131A8C23C40F2A00482B9A /* Stack.c */; };
		AA131A9523C41E2D00482B9A /* prefixAverages.c in Sources */ = {isa = PBXBuildFile; fileRef = AA131A9423C41E2D00482B9A /* prefixAverages.c */; };
		AA131A9A23C41EF500482B9A /* inssort.c in Sources */ = {isa = PBXBuildFile; fileRef = AA131A9923C41EF500482B9A /* inssort.c */; };
		AA1CFA4B23D019700033228D /* pagerank.c in Sources */ = {isa = PBXBuildFile; fileRef = AA1CFA4A23D019700033228D /* pagerank.c */; };
		AA1CFA5123D01E5D0033228D /* Graph.c in Sources */ = {isa = PBXBuildFile; fileRef = AA1CFA5023D01E5D0033228D /* Graph.c */; };
		AA7D582323C5728300D668C3 /* StackTester.c in Sources */ = {isa = PBXBuildFile; fileRef = AA7D582223C5728300D668C3 /* StackTester.c */; };
		AA7D582623C572BB00D668C3 /* IntStack.c in Sources */ = {isa = PBXBuildFile; fileRef = AA7D582523C572BB00D668C3 /* IntStack.c */; };
		AA7D582823C57A7600D668C3 /* binary.c in Sources */ = {isa = PBXBuildFile; fileRef = AA7D582723C57A7600D668C3 /* binary.c */; };
		AA7D582B23C5843C00D668C3 /* IntQueue.c in Sources */ = {isa = PBXBuildFile; fileRef = AA7D582A23C5843C00D668C3 /* IntQueue.c */; };
		AA7D583323C600A400D668C3 /* palindrome.c in Sources */ = {isa = PBXBuildFile; fileRef = AA7D583223C600A400D668C3 /* palindrome.c */; };
		AA7D583823C6C5E200D668C3 /* subsetsum.c in Sources */ = {isa = PBXBuildFile; fileRef = AA7D583723C6C5E200D668C3 /* subsetsum.c */; };
		AA7D584023C754EF00D668C3 /* searchPagerank.c in Sources */ = {isa = PBXBuildFile; fileRef = AA7D583F23C754EF00D668C3 /* searchPagerank.c */; };
/* End PBXBuildFile section */

/* Begin PBXCopyFilesBuildPhase section */
		AA11C07E23CC88F100D4155C /* CopyFiles */ = {
			isa = PBXCopyFilesBuildPhase;
			buildActionMask = 2147483647;
			dstPath = /usr/share/man/man1/;
			dstSubfolderSpec = 0;
			files = (
			);
			runOnlyForDeploymentPostprocessing = 1;
		};
		AA12EFD923C5583A0006C284 /* CopyFiles */ = {
			isa = PBXCopyFilesBuildPhase;
			buildActionMask = 2147483647;
			dstPath = /usr/share/man/man1/;
			dstSubfolderSpec = 0;
			files = (
			);
			runOnlyForDeploymentPostprocessing = 1;
		};
		AA131A7F23C40E2D00482B9A /* CopyFiles */ = {
			isa = PBXCopyFilesBuildPhase;
			buildActionMask = 2147483647;
			dstPath = /usr/share/man/man1/;
			dstSubfolderSpec = 0;
			files = (
			);
			runOnlyForDeploymentPostprocessing = 1;
		};
		AA131A9023C41E2D00482B9A /* CopyFiles */ = {
			isa = PBXCopyFilesBuildPhase;
			buildActionMask = 2147483647;
			dstPath = /usr/share/man/man1/;
			dstSubfolderSpec = 0;
			files = (
			);
			runOnlyForDeploymentPostprocessing = 1;
		};
		AA1CFA4623D019700033228D /* CopyFiles */ = {
			isa = PBXCopyFilesBuildPhase;
			buildActionMask = 2147483647;
			dstPath = /usr/share/man/man1/;
			dstSubfolderSpec = 0;
			files = (
			);
			runOnlyForDeploymentPostprocessing = 1;
		};
		AA7D582E23C600A400D668C3 /* CopyFiles */ = {
			isa = PBXCopyFilesBuildPhase;
			buildActionMask = 2147483647;
			dstPath = /usr/share/man/man1/;
			dstSubfolderSpec = 0;
			files = (
			);
			runOnlyForDeploymentPostprocessing = 1;
		};
		AA7D583B23C754EF00D668C3 /* CopyFiles */ = {
			isa = PBXCopyFilesBuildPhase;
			buildActionMask = 2147483647;
			dstPath = /usr/share/man/man1/;
			dstSubfolderSpec = 0;
			files = (
			);
			runOnlyForDeploymentPostprocessing = 1;
		};
/* End PBXCopyFilesBuildPhase section */

/* Begin PBXFileReference section */
		AA11C08023CC88F100D4155C /* ass_part_b */ = {isa = PBXFileReference; explicitFileType = "compiled.mach-o.executable"; includeInIndex = 0; path = ass_part_b; sourceTree = BUILT_PRODUCTS_DIR; };
		AA11C08223CC88F100D4155C /* inverted.c */ = {isa = PBXFileReference; lastKnownFileType = sourcecode.c.c; path = inverted.c; sourceTree = "<group>"; };
		AA12EFDB23C5583A0006C284 /* problemsets_1a */ = {isa = PBXFileReference; explicitFileType = "compiled.mach-o.executable"; includeInIndex = 0; path = problemsets_1a; sourceTree = BUILT_PRODUCTS_DIR; };
		AA12EFDD23C5583A0006C284 /* numbers.c */ = {isa = PBXFileReference; lastKnownFileType = sourcecode.c.c; path = numbers.c; sourceTree = "<group>"; };
		AA12EFE223C558AA0006C284 /* characters.c */ = {isa = PBXFileReference; lastKnownFileType = sourcecode.c.c; path = characters.c; sourceTree = "<group>"; };
		AA12EFE423C55F490006C284 /* elementary_control_structures.c */ = {isa = PBXFileReference; lastKnownFileType = sourcecode.c.c; path = elementary_control_structures.c; sourceTree = "<group>"; };
		AA12EFE623C565780006C284 /* elementary_data_structures.c */ = {isa = PBXFileReference; lastKnownFileType = sourcecode.c.c; path = elementary_data_structures.c; sourceTree = "<group>"; };
		AA131A8123C40E2D00482B9A /* week1_programs */ = {isa = PBXFileReference; explicitFileType = "compiled.mach-o.executable"; includeInIndex = 0; path = week1_programs; sourceTree = BUILT_PRODUCTS_DIR; };
		AA131A8423C40E2D00482B9A /* brackets.c */ = {isa = PBXFileReference; lastKnownFileType = sourcecode.c.c; path = brackets.c; sourceTree = "<group>"; };
		AA131A8B23C40F2A00482B9A /* Stack.h */ = {isa = PBXFileReference; lastKnownFileType = sourcecode.c.h; path = Stack.h; sourceTree = "<group>"; };
		AA131A8C23C40F2A00482B9A /* Stack.c */ = {isa = PBXFileReference; lastKnownFileType = sourcecode.c.c; path = Stack.c; sourceTree = "<group>"; };
		AA131A9223C41E2D00482B9A /* week2_programs */ = {isa = PBXFileReference; explicitFileType = "compiled.mach-o.executable"; includeInIndex = 0; path = week2_programs; sourceTree = BUILT_PRODUCTS_DIR; };
		AA131A9423C41E2D00482B9A /* prefixAverages.c */ = {isa = PBXFileReference; lastKnownFileType = sourcecode.c.c; path = prefixAverages.c; sourceTree = "<group>"; };
		AA131A9923C41EF500482B9A /* inssort.c */ = {isa = PBXFileReference; lastKnownFileType = sourcecode.c.c; path = inssort.c; sourceTree = "<group>"; };
		AA1CFA4823D019700033228D /* ass_part_a */ = {isa = PBXFileReference; explicitFileType = "compiled.mach-o.executable"; includeInIndex = 0; path = ass_part_a; sourceTree = BUILT_PRODUCTS_DIR; };
		AA1CFA4A23D019700033228D /* pagerank.c */ = {isa = PBXFileReference; lastKnownFileType = sourcecode.c.c; path = pagerank.c; sourceTree = "<group>"; };
		AA1CFA4F23D01E5D0033228D /* Graph.h */ = {isa = PBXFileReference; lastKnownFileType = sourcecode.c.h; path = Graph.h; sourceTree = "<group>"; };
		AA1CFA5023D01E5D0033228D /* Graph.c */ = {isa = PBXFileReference; lastKnownFileType = sourcecode.c.c; path = Graph.c; sourceTree = "<group>"; };
		AA7D582223C5728300D668C3 /* StackTester.c */ = {isa = PBXFileReference; lastKnownFileType = sourcecode.c.c; path = StackTester.c; sourceTree = "<group>"; };
		AA7D582423C572BB00D668C3 /* IntStack.h */ = {isa = PBXFileReference; lastKnownFileType = sourcecode.c.h; path = IntStack.h; sourceTree = "<group>"; };
		AA7D582523C572BB00D668C3 /* IntStack.c */ = {isa = PBXFileReference; lastKnownFileType = sourcecode.c.c; path = IntStack.c; sourceTree = "<group>"; };
		AA7D582723C57A7600D668C3 /* binary.c */ = {isa = PBXFileReference; lastKnownFileType = sourcecode.c.c; path = binary.c; sourceTree = "<group>"; };
		AA7D582923C5843C00D668C3 /* IntQueue.h */ = {isa = PBXFileReference; lastKnownFileType = sourcecode.c.h; path = IntQueue.h; sourceTree = "<group>"; };
		AA7D582A23C5843C00D668C3 /* IntQueue.c */ = {isa = PBXFileReference; lastKnownFileType = sourcecode.c.c; path = IntQueue.c; sourceTree = "<group>"; };
		AA7D583023C600A400D668C3 /* programsets_1b */ = {isa = PBXFileReference; explicitFileType = "compiled.mach-o.executable"; includeInIndex = 0; path = programsets_1b; sourceTree = BUILT_PRODUCTS_DIR; };
		AA7D583223C600A400D668C3 /* palindrome.c */ = {isa = PBXFileReference; lastKnownFileType = sourcecode.c.c; path = palindrome.c; sourceTree = "<group>"; };
		AA7D583723C6C5E200D668C3 /* subsetsum.c */ = {isa = PBXFileReference; lastKnownFileType = sourcecode.c.c; path = subsetsum.c; sourceTree = "<group>"; };
		AA7D583D23C754EF00D668C3 /* ass_part_c */ = {isa = PBXFileReference; explicitFileType = "compiled.mach-o.executable"; includeInIndex = 0; path = ass_part_c; sourceTree = BUILT_PRODUCTS_DIR; };
		AA7D583F23C754EF00D668C3 /* searchPagerank.c */ = {isa = PBXFileReference; lastKnownFileType = sourcecode.c.c; path = searchPagerank.c; sourceTree = "<group>"; };
/* End PBXFileReference section */

/* Begin PBXFrameworksBuildPhase section */
		AA11C07D23CC88F100D4155C /* Frameworks */ = {
			isa = PBXFrameworksBuildPhase;
			buildActionMask = 2147483647;
			files = (
			);
			runOnlyForDeploymentPostprocessing = 0;
		};
		AA12EFD823C5583A0006C284 /* Frameworks */ = {
			isa = PBXFrameworksBuildPhase;
			buildActionMask = 2147483647;
			files = (
			);
			runOnlyForDeploymentPostprocessing = 0;
		};
		AA131A7E23C40E2D00482B9A /* Frameworks */ = {
			isa = PBXFrameworksBuildPhase;
			buildActionMask = 2147483647;
			files = (
			);
			runOnlyForDeploymentPostprocessing = 0;
		};
		AA131A8F23C41E2D00482B9A /* Frameworks */ = {
			isa = PBXFrameworksBuildPhase;
			buildActionMask = 2147483647;
			files = (
			);
			runOnlyForDeploymentPostprocessing = 0;
		};
		AA1CFA4523D019700033228D /* Frameworks */ = {
			isa = PBXFrameworksBuildPhase;
			buildActionMask = 2147483647;
			files = (
			);
			runOnlyForDeploymentPostprocessing = 0;
		};
		AA7D582D23C600A400D668C3 /* Frameworks */ = {
			isa = PBXFrameworksBuildPhase;
			buildActionMask = 2147483647;
			files = (
			);
			runOnlyForDeploymentPostprocessing = 0;
		};
		AA7D583A23C754EF00D668C3 /* Frameworks */ = {
			isa = PBXFrameworksBuildPhase;
			buildActionMask = 2147483647;
			files = (
			);
			runOnlyForDeploymentPostprocessing = 0;
		};
/* End PBXFrameworksBuildPhase section */

/* Begin PBXGroup section */
		AA11C08123CC88F100D4155C /* ass_part_b */ = {
			isa = PBXGroup;
			children = (
				AA11C08223CC88F100D4155C /* inverted.c */,
			);
			path = ass_part_b;
			sourceTree = "<group>";
		};
		AA12EFDC23C5583A0006C284 /* problemsets_1a */ = {
			isa = PBXGroup;
			children = (
				AA12EFDD23C5583A0006C284 /* numbers.c */,
				AA12EFE223C558AA0006C284 /* characters.c */,
				AA12EFE423C55F490006C284 /* elementary_control_structures.c */,
				AA12EFE623C565780006C284 /* elementary_data_structures.c */,
				AA7D582223C5728300D668C3 /* StackTester.c */,
				AA7D582423C572BB00D668C3 /* IntStack.h */,
				AA7D582523C572BB00D668C3 /* IntStack.c */,
				AA7D582723C57A7600D668C3 /* binary.c */,
				AA7D582923C5843C00D668C3 /* IntQueue.h */,
				AA7D582A23C5843C00D668C3 /* IntQueue.c */,
			);
			path = problemsets_1a;
			sourceTree = "<group>";
		};
		AA131A7823C40E2D00482B9A = {
			isa = PBXGroup;
			children = (
				AA131A8323C40E2D00482B9A /* week1_programs */,
				AA131A9323C41E2D00482B9A /* week2_programs */,
				AA12EFDC23C5583A0006C284 /* problemsets_1a */,
				AA7D583123C600A400D668C3 /* programsets_1b */,
				AA7D583E23C754EF00D668C3 /* ass_part_c */,
				AA11C08123CC88F100D4155C /* ass_part_b */,
				AA1CFA4923D019700033228D /* ass_part_a */,
				AA131A8223C40E2D00482B9A /* Products */,
			);
			sourceTree = "<group>";
		};
		AA131A8223C40E2D00482B9A /* Products */ = {
			isa = PBXGroup;
			children = (
				AA131A8123C40E2D00482B9A /* week1_programs */,
				AA131A9223C41E2D00482B9A /* week2_programs */,
				AA12EFDB23C5583A0006C284 /* problemsets_1a */,
				AA7D583023C600A400D668C3 /* programsets_1b */,
				AA7D583D23C754EF00D668C3 /* ass_part_c */,
				AA11C08023CC88F100D4155C /* ass_part_b */,
				AA1CFA4823D019700033228D /* ass_part_a */,
			);
			name = Products;
			sourceTree = "<group>";
		};
		AA131A8323C40E2D00482B9A /* week1_programs */ = {
			isa = PBXGroup;
			children = (
				AA131A8423C40E2D00482B9A /* brackets.c */,
				AA131A8B23C40F2A00482B9A /* Stack.h */,
				AA131A8C23C40F2A00482B9A /* Stack.c */,
				AA131A9923C41EF500482B9A /* inssort.c */,
			);
			path = week1_programs;
			sourceTree = "<group>";
		};
		AA131A9323C41E2D00482B9A /* week2_programs */ = {
			isa = PBXGroup;
			children = (
				AA131A9423C41E2D00482B9A /* prefixAverages.c */,
				AA7D583723C6C5E200D668C3 /* subsetsum.c */,
			);
			path = week2_programs;
			sourceTree = "<group>";
		};
		AA1CFA4923D019700033228D /* ass_part_a */ = {
			isa = PBXGroup;
			children = (
				AA1CFA4A23D019700033228D /* pagerank.c */,
				AA1CFA4F23D01E5D0033228D /* Graph.h */,
				AA1CFA5023D01E5D0033228D /* Graph.c */,
			);
			path = ass_part_a;
			sourceTree = "<group>";
		};
		AA7D583123C600A400D668C3 /* programsets_1b */ = {
			isa = PBXGroup;
			children = (
				AA7D583223C600A400D668C3 /* palindrome.c */,
			);
			path = programsets_1b;
			sourceTree = "<group>";
		};
		AA7D583E23C754EF00D668C3 /* ass_part_c */ = {
			isa = PBXGroup;
			children = (
				AA7D583F23C754EF00D668C3 /* searchPagerank.c */,
			);
			path = ass_part_c;
			sourceTree = "<group>";
		};
/* End PBXGroup section */

/* Begin PBXNativeTarget section */
		AA11C07F23CC88F100D4155C /* ass_part_b */ = {
			isa = PBXNativeTarget;
			buildConfigurationList = AA11C08623CC88F100D4155C /* Build configuration list for PBXNativeTarget "ass_part_b" */;
			buildPhases = (
				AA11C07C23CC88F100D4155C /* Sources */,
				AA11C07D23CC88F100D4155C /* Frameworks */,
				AA11C07E23CC88F100D4155C /* CopyFiles */,
			);
			buildRules = (
			);
			dependencies = (
			);
			name = ass_part_b;
			productName = ass_part_b;
			productReference = AA11C08023CC88F100D4155C /* ass_part_b */;
			productType = "com.apple.product-type.tool";
		};
		AA12EFDA23C5583A0006C284 /* problemsets_1a */ = {
			isa = PBXNativeTarget;
			buildConfigurationList = AA12EFE123C5583A0006C284 /* Build configuration list for PBXNativeTarget "problemsets_1a" */;
			buildPhases = (
				AA12EFD723C5583A0006C284 /* Sources */,
				AA12EFD823C5583A0006C284 /* Frameworks */,
				AA12EFD923C5583A0006C284 /* CopyFiles */,
			);
			buildRules = (
			);
			dependencies = (
			);
			name = problemsets_1a;
			productName = problemsets_1a;
			productReference = AA12EFDB23C5583A0006C284 /* problemsets_1a */;
			productType = "com.apple.product-type.tool";
		};
		AA131A8023C40E2D00482B9A /* week1_programs */ = {
			isa = PBXNativeTarget;
			buildConfigurationList = AA131A8823C40E2D00482B9A /* Build configuration list for PBXNativeTarget "week1_programs" */;
			buildPhases = (
				AA131A7D23C40E2D00482B9A /* Sources */,
				AA131A7E23C40E2D00482B9A /* Frameworks */,
				AA131A7F23C40E2D00482B9A /* CopyFiles */,
			);
			buildRules = (
			);
			dependencies = (
			);
			name = week1_programs;
			productName = comp9024;
			productReference = AA131A8123C40E2D00482B9A /* week1_programs */;
			productType = "com.apple.product-type.tool";
		};
		AA131A9123C41E2D00482B9A /* week2_programs */ = {
			isa = PBXNativeTarget;
			buildConfigurationList = AA131A9623C41E2D00482B9A /* Build configuration list for PBXNativeTarget "week2_programs" */;
			buildPhases = (
				AA131A8E23C41E2D00482B9A /* Sources */,
				AA131A8F23C41E2D00482B9A /* Frameworks */,
				AA131A9023C41E2D00482B9A /* CopyFiles */,
			);
			buildRules = (
			);
			dependencies = (
			);
			name = week2_programs;
			productName = week2_programs;
			productReference = AA131A9223C41E2D00482B9A /* week2_programs */;
			productType = "com.apple.product-type.tool";
		};
		AA1CFA4723D019700033228D /* ass_part_a */ = {
			isa = PBXNativeTarget;
			buildConfigurationList = AA1CFA4E23D019700033228D /* Build configuration list for PBXNativeTarget "ass_part_a" */;
			buildPhases = (
				AA1CFA4423D019700033228D /* Sources */,
				AA1CFA4523D019700033228D /* Frameworks */,
				AA1CFA4623D019700033228D /* CopyFiles */,
			);
			buildRules = (
			);
			dependencies = (
			);
			name = ass_part_a;
			productName = ass_part_a;
			productReference = AA1CFA4823D019700033228D /* ass_part_a */;
			productType = "com.apple.product-type.tool";
		};
		AA7D582F23C600A400D668C3 /* programsets_1b */ = {
			isa = PBXNativeTarget;
			buildConfigurationList = AA7D583623C600A400D668C3 /* Build configuration list for PBXNativeTarget "programsets_1b" */;
			buildPhases = (
				AA7D582C23C600A400D668C3 /* Sources */,
				AA7D582D23C600A400D668C3 /* Frameworks */,
				AA7D582E23C600A400D668C3 /* CopyFiles */,
			);
			buildRules = (
			);
			dependencies = (
			);
			name = programsets_1b;
			productName = programsets_1b;
			productReference = AA7D583023C600A400D668C3 /* programsets_1b */;
			productType = "com.apple.product-type.tool";
		};
		AA7D583C23C754EF00D668C3 /* ass_part_c */ = {
			isa = PBXNativeTarget;
			buildConfigurationList = AA7D584123C754EF00D668C3 /* Build configuration list for PBXNativeTarget "ass_part_c" */;
			buildPhases = (
				AA7D583923C754EF00D668C3 /* Sources */,
				AA7D583A23C754EF00D668C3 /* Frameworks */,
				AA7D583B23C754EF00D668C3 /* CopyFiles */,
			);
			buildRules = (
			);
			dependencies = (
			);
			name = ass_part_c;
			productName = ass_part_c;
			productReference = AA7D583D23C754EF00D668C3 /* ass_part_c */;
			productType = "com.apple.product-type.tool";
		};
/* End PBXNativeTarget section */

/* Begin PBXProject section */
		AA131A7923C40E2D00482B9A /* Project object */ = {
			isa = PBXProject;
			attributes = {
				LastUpgradeCheck = 1130;
				ORGANIZATIONNAME = Steve;
				TargetAttributes = {
					AA11C07F23CC88F100D4155C = {
						CreatedOnToolsVersion = 11.3;
					};
					AA12EFDA23C5583A0006C284 = {
						CreatedOnToolsVersion = 11.3;
					};
					AA131A8023C40E2D00482B9A = {
						CreatedOnToolsVersion = 11.3;
					};
					AA131A9123C41E2D00482B9A = {
						CreatedOnToolsVersion = 11.3;
					};
					AA1CFA4723D019700033228D = {
						CreatedOnToolsVersion = 11.3.1;
					};
					AA7D582F23C600A400D668C3 = {
						CreatedOnToolsVersion = 11.3;
					};
					AA7D583C23C754EF00D668C3 = {
						CreatedOnToolsVersion = 11.3;
					};
				};
			};
			buildConfigurationList = AA131A7C23C40E2D00482B9A /* Build configuration list for PBXProject "comp9024" */;
			compatibilityVersion = "Xcode 9.3";
			developmentRegion = en;
			hasScannedForEncodings = 0;
			knownRegions = (
				en,
				Base,
			);
			mainGroup = AA131A7823C40E2D00482B9A;
			productRefGroup = AA131A8223C40E2D00482B9A /* Products */;
			projectDirPath = "";
			projectRoot = "";
			targets = (
				AA131A8023C40E2D00482B9A /* week1_programs */,
				AA131A9123C41E2D00482B9A /* week2_programs */,
				AA12EFDA23C5583A0006C284 /* problemsets_1a */,
				AA7D582F23C600A400D668C3 /* programsets_1b */,
				AA7D583C23C754EF00D668C3 /* ass_part_c */,
				AA11C07F23CC88F100D4155C /* ass_part_b */,
				AA1CFA4723D019700033228D /* ass_part_a */,
			);
		};
/* End PBXProject section */

/* Begin PBXSourcesBuildPhase section */
		AA11C07C23CC88F100D4155C /* Sources */ = {
			isa = PBXSourcesBuildPhase;
			buildActionMask = 2147483647;
			files = (
				AA11C08323CC88F100D4155C /* inverted.c in Sources */,
			);
			runOnlyForDeploymentPostprocessing = 0;
		};
		AA12EFD723C5583A0006C284 /* Sources */ = {
			isa = PBXSourcesBuildPhase;
			buildActionMask = 2147483647;
			files = (
				AA12EFDE23C5583A0006C284 /* numbers.c in Sources */,
				AA12EFE323C558AA0006C284 /* characters.c in Sources */,
				AA7D582823C57A7600D668C3 /* binary.c in Sources */,
				AA7D582B23C5843C00D668C3 /* IntQueue.c in Sources */,
				AA7D582623C572BB00D668C3 /* IntStack.c in Sources */,
				AA7D582323C5728300D668C3 /* StackTester.c in Sources */,
				AA12EFE523C55F490006C284 /* elementary_control_structures.c in Sources */,
				AA12EFE723C565780006C284 /* elementary_data_structures.c in Sources */,
			);
			runOnlyForDeploymentPostprocessing = 0;
		};
		AA131A7D23C40E2D00482B9A /* Sources */ = {
			isa = PBXSourcesBuildPhase;
			buildActionMask = 2147483647;
			files = (
				AA131A8D23C40F2A00482B9A /* Stack.c in Sources */,
				AA131A8523C40E2D00482B9A /* brackets.c in Sources */,
				AA131A9A23C41EF500482B9A /* inssort.c in Sources */,
			);
			runOnlyForDeploymentPostprocessing = 0;
		};
		AA131A8E23C41E2D00482B9A /* Sources */ = {
			isa = PBXSourcesBuildPhase;
			buildActionMask = 2147483647;
			files = (
				AA131A9523C41E2D00482B9A /* prefixAverages.c in Sources */,
				AA7D583823C6C5E200D668C3 /* subsetsum.c in Sources */,
			);
			runOnlyForDeploymentPostprocessing = 0;
		};
		AA1CFA4423D019700033228D /* Sources */ = {
			isa = PBXSourcesBuildPhase;
			buildActionMask = 2147483647;
			files = (
				AA1CFA5123D01E5D0033228D /* Graph.c in Sources */,
				AA1CFA4B23D019700033228D /* pagerank.c in Sources */,
			);
			runOnlyForDeploymentPostprocessing = 0;
		};
		AA7D582C23C600A400D668C3 /* Sources */ = {
			isa = PBXSourcesBuildPhase;
			buildActionMask = 2147483647;
			files = (
				AA7D583323C600A400D668C3 /* palindrome.c in Sources */,
			);
			runOnlyForDeploymentPostprocessing = 0;
		};
		AA7D583923C754EF00D668C3 /* Sources */ = {
			isa = PBXSourcesBuildPhase;
			buildActionMask = 2147483647;
			files = (
				AA7D584023C754EF00D668C3 /* searchPagerank.c in Sources */,
			);
			runOnlyForDeploymentPostprocessing = 0;
		};
/* End PBXSourcesBuildPhase section */

/* Begin XCBuildConfiguration section */
		AA11C08423CC88F100D4155C /* Debug */ = {
			isa = XCBuildConfiguration;
			buildSettings = {
				CODE_SIGN_STYLE = Automatic;
				DEVELOPMENT_TEAM = XA24JW56D5;
				ENABLE_HARDENED_RUNTIME = YES;
				PRODUCT_NAME = "$(TARGET_NAME)";
			};
			name = Debug;
		};
		AA11C08523CC88F100D4155C /* Release */ = {
			isa = XCBuildConfiguration;
			buildSettings = {
				CODE_SIGN_STYLE = Automatic;
				DEVELOPMENT_TEAM = XA24JW56D5;
				ENABLE_HARDENED_RUNTIME = YES;
				PRODUCT_NAME = "$(TARGET_NAME)";
			};
			name = Release;
		};
		AA12EFDF23C5583A0006C284 /* Debug */ = {
			isa = XCBuildConfiguration;
			buildSettings = {
				CODE_SIGN_STYLE = Automatic;
				DEVELOPMENT_TEAM = XA24JW56D5;
				ENABLE_HARDENED_RUNTIME = YES;
				PRODUCT_NAME = "$(TARGET_NAME)";
			};
			name = Debug;
		};
		AA12EFE023C5583A0006C284 /* Release */ = {
			isa = XCBuildConfiguration;
			buildSettings = {
				CODE_SIGN_STYLE = Automatic;
				DEVELOPMENT_TEAM = XA24JW56D5;
				ENABLE_HARDENED_RUNTIME = YES;
				PRODUCT_NAME = "$(TARGET_NAME)";
			};
			name = Release;
		};
		AA131A8623C40E2D00482B9A /* Debug */ = {
			isa = XCBuildConfiguration;
			buildSettings = {
				ALWAYS_SEARCH_USER_PATHS = NO;
				CLANG_ANALYZER_NONNULL = YES;
				CLANG_ANALYZER_NUMBER_OBJECT_CONVERSION = YES_AGGRESSIVE;
				CLANG_CXX_LANGUAGE_STANDARD = "gnu++14";
				CLANG_CXX_LIBRARY = "libc++";
				CLANG_ENABLE_MODULES = YES;
				CLANG_ENABLE_OBJC_ARC = YES;
				CLANG_ENABLE_OBJC_WEAK = YES;
				CLANG_WARN_BLOCK_CAPTURE_AUTORELEASING = YES;
				CLANG_WARN_BOOL_CONVERSION = YES;
				CLANG_WARN_COMMA = YES;
				CLANG_WARN_CONSTANT_CONVERSION = YES;
				CLANG_WARN_DEPRECATED_OBJC_IMPLEMENTATIONS = YES;
				CLANG_WARN_DIRECT_OBJC_ISA_USAGE = YES_ERROR;
				CLANG_WARN_DOCUMENTATION_COMMENTS = YES;
				CLANG_WARN_EMPTY_BODY = YES;
				CLANG_WARN_ENUM_CONVERSION = YES;
				CLANG_WARN_INFINITE_RECURSION = YES;
				CLANG_WARN_INT_CONVERSION = YES;
				CLANG_WARN_NON_LITERAL_NULL_CONVERSION = YES;
				CLANG_WARN_OBJC_IMPLICIT_RETAIN_SELF = YES;
				CLANG_WARN_OBJC_LITERAL_CONVERSION = YES;
				CLANG_WARN_OBJC_ROOT_CLASS = YES_ERROR;
				CLANG_WARN_RANGE_LOOP_ANALYSIS = YES;
				CLANG_WARN_STRICT_PROTOTYPES = YES;
				CLANG_WARN_SUSPICIOUS_MOVE = YES;
				CLANG_WARN_UNGUARDED_AVAILABILITY = YES_AGGRESSIVE;
				CLANG_WARN_UNREACHABLE_CODE = YES;
				CLANG_WARN__DUPLICATE_METHOD_MATCH = YES;
				COPY_PHASE_STRIP = NO;
				DEBUG_INFORMATION_FORMAT = dwarf;
				ENABLE_STRICT_OBJC_MSGSEND = YES;
				ENABLE_TESTABILITY = YES;
				GCC_C_LANGUAGE_STANDARD = gnu11;
				GCC_DYNAMIC_NO_PIC = NO;
				GCC_NO_COMMON_BLOCKS = YES;
				GCC_OPTIMIZATION_LEVEL = 0;
				GCC_PREPROCESSOR_DEFINITIONS = (
					"DEBUG=1",
					"$(inherited)",
				);
				GCC_WARN_64_TO_32_BIT_CONVERSION = YES;
				GCC_WARN_ABOUT_RETURN_TYPE = YES_ERROR;
				GCC_WARN_UNDECLARED_SELECTOR = YES;
				GCC_WARN_UNINITIALIZED_AUTOS = YES_AGGRESSIVE;
				GCC_WARN_UNUSED_FUNCTION = YES;
				GCC_WARN_UNUSED_VARIABLE = YES;
				MACOSX_DEPLOYMENT_TARGET = 10.15;
				MTL_ENABLE_DEBUG_INFO = INCLUDE_SOURCE;
				MTL_FAST_MATH = YES;
				ONLY_ACTIVE_ARCH = YES;
				SDKROOT = macosx;
			};
			name = Debug;
		};
		AA131A8723C40E2D00482B9A /* Release */ = {
			isa = XCBuildConfiguration;
			buildSettings = {
				ALWAYS_SEARCH_USER_PATHS = NO;
				CLANG_ANALYZER_NONNULL = YES;
				CLANG_ANALYZER_NUMBER_OBJECT_CONVERSION = YES_AGGRESSIVE;
				CLANG_CXX_LANGUAGE_STANDARD = "gnu++14";
				CLANG_CXX_LIBRARY = "libc++";
				CLANG_ENABLE_MODULES = YES;
				CLANG_ENABLE_OBJC_ARC = YES;
				CLANG_ENABLE_OBJC_WEAK = YES;
				CLANG_WARN_BLOCK_CAPTURE_AUTORELEASING = YES;
				CLANG_WARN_BOOL_CONVERSION = YES;
				CLANG_WARN_COMMA = YES;
				CLANG_WARN_CONSTANT_CONVERSION = YES;
				CLANG_WARN_DEPRECATED_OBJC_IMPLEMENTATIONS = YES;
				CLANG_WARN_DIRECT_OBJC_ISA_USAGE = YES_ERROR;
				CLANG_WARN_DOCUMENTATION_COMMENTS = YES;
				CLANG_WARN_EMPTY_BODY = YES;
				CLANG_WARN_ENUM_CONVERSION = YES;
				CLANG_WARN_INFINITE_RECURSION = YES;
				CLANG_WARN_INT_CONVERSION = YES;
				CLANG_WARN_NON_LITERAL_NULL_CONVERSION = YES;
				CLANG_WARN_OBJC_IMPLICIT_RETAIN_SELF = YES;
				CLANG_WARN_OBJC_LITERAL_CONVERSION = YES;
				CLANG_WARN_OBJC_ROOT_CLASS = YES_ERROR;
				CLANG_WARN_RANGE_LOOP_ANALYSIS = YES;
				CLANG_WARN_STRICT_PROTOTYPES = YES;
				CLANG_WARN_SUSPICIOUS_MOVE = YES;
				CLANG_WARN_UNGUARDED_AVAILABILITY = YES_AGGRESSIVE;
				CLANG_WARN_UNREACHABLE_CODE = YES;
				CLANG_WARN__DUPLICATE_METHOD_MATCH = YES;
				COPY_PHASE_STRIP = NO;
				DEBUG_INFORMATION_FORMAT = "dwarf-with-dsym";
				ENABLE_NS_ASSERTIONS = NO;
				ENABLE_STRICT_OBJC_MSGSEND = YES;
				GCC_C_LANGUAGE_STANDARD = gnu11;
				GCC_NO_COMMON_BLOCKS = YES;
				GCC_WARN_64_TO_32_BIT_CONVERSION = YES;
				GCC_WARN_ABOUT_RETURN_TYPE = YES_ERROR;
				GCC_WARN_UNDECLARED_SELECTOR = YES;
				GCC_WARN_UNINITIALIZED_AUTOS = YES_AGGRESSIVE;
				GCC_WARN_UNUSED_FUNCTION = YES;
				GCC_WARN_UNUSED_VARIABLE = YES;
				MACOSX_DEPLOYMENT_TARGET = 10.15;
				MTL_ENABLE_DEBUG_INFO = NO;
				MTL_FAST_MATH = YES;
				SDKROOT = macosx;
			};
			name = Release;
		};
		AA131A8923C40E2D00482B9A /* Debug */ = {
			isa = XCBuildConfiguration;
			buildSettings = {
				CODE_SIGN_STYLE = Automatic;
				DEVELOPMENT_TEAM = XA24JW56D5;
				ENABLE_HARDENED_RUNTIME = YES;
				PRODUCT_NAME = "$(TARGET_NAME)";
			};
			name = Debug;
		};
		AA131A8A23C40E2D00482B9A /* Release */ = {
			isa = XCBuildConfiguration;
			buildSettings = {
				CODE_SIGN_STYLE = Automatic;
				DEVELOPMENT_TEAM = XA24JW56D5;
				ENABLE_HARDENED_RUNTIME = YES;
				PRODUCT_NAME = "$(TARGET_NAME)";
			};
			name = Release;
		};
		AA131A9723C41E2D00482B9A /* Debug */ = {
			isa = XCBuildConfiguration;
			buildSettings = {
				CODE_SIGN_STYLE = Automatic;
				DEVELOPMENT_TEAM = XA24JW56D5;
				ENABLE_HARDENED_RUNTIME = YES;
				PRODUCT_NAME = "$(TARGET_NAME)";
			};
			name = Debug;
		};
		AA131A9823C41E2D00482B9A /* Release */ = {
			isa = XCBuildConfiguration;
			buildSettings = {
				CODE_SIGN_STYLE = Automatic;
				DEVELOPMENT_TEAM = XA24JW56D5;
				ENABLE_HARDENED_RUNTIME = YES;
				PRODUCT_NAME = "$(TARGET_NAME)";
			};
			name = Release;
		};
		AA1CFA4C23D019700033228D /* Debug */ = {
			isa = XCBuildConfiguration;
			buildSettings = {
				CODE_SIGN_STYLE = Automatic;
				DEVELOPMENT_TEAM = XA24JW56D5;
				ENABLE_HARDENED_RUNTIME = YES;
				PRODUCT_NAME = "$(TARGET_NAME)";
			};
			name = Debug;
		};
		AA1CFA4D23D019700033228D /* Release */ = {
			isa = XCBuildConfiguration;
			buildSettings = {
				CODE_SIGN_STYLE = Automatic;
				DEVELOPMENT_TEAM = XA24JW56D5;
				ENABLE_HARDENED_RUNTIME = YES;
				PRODUCT_NAME = "$(TARGET_NAME)";
			};
			name = Release;
		};
		AA7D583423C600A400D668C3 /* Debug */ = {
			isa = XCBuildConfiguration;
			buildSettings = {
				CODE_SIGN_STYLE = Automatic;
				DEVELOPMENT_TEAM = XA24JW56D5;
				ENABLE_HARDENED_RUNTIME = YES;
				PRODUCT_NAME = "$(TARGET_NAME)";
			};
			name = Debug;
		};
		AA7D583523C600A400D668C3 /* Release */ = {
			isa = XCBuildConfiguration;
			buildSettings = {
				CODE_SIGN_STYLE = Automatic;
				DEVELOPMENT_TEAM = XA24JW56D5;
				ENABLE_HARDENED_RUNTIME = YES;
				PRODUCT_NAME = "$(TARGET_NAME)";
			};
			name = Release;
		};
		AA7D584223C754EF00D668C3 /* Debug */ = {
			isa = XCBuildConfiguration;
			buildSettings = {
				CODE_SIGN_STYLE = Automatic;
				DEVELOPMENT_TEAM = XA24JW56D5;
				ENABLE_HARDENED_RUNTIME = YES;
				PRODUCT_NAME = "$(TARGET_NAME)";
			};
			name = Debug;
		};
		AA7D584323C754EF00D668C3 /* Release */ = {
			isa = XCBuildConfiguration;
			buildSettings = {
				CODE_SIGN_STYLE = Automatic;
				DEVELOPMENT_TEAM = XA24JW56D5;
				ENABLE_HARDENED_RUNTIME = YES;
				PRODUCT_NAME = "$(TARGET_NAME)";
			};
			name = Release;
		};
/* End XCBuildConfiguration section */

/* Begin XCConfigurationList section */
		AA11C08623CC88F100D4155C /* Build configuration list for PBXNativeTarget "ass_part_b" */ = {
			isa = XCConfigurationList;
			buildConfigurations = (
				AA11C08423CC88F100D4155C /* Debug */,
				AA11C08523CC88F100D4155C /* Release */,
			);
			defaultConfigurationIsVisible = 0;
			defaultConfigurationName = Release;
		};
		AA12EFE123C5583A0006C284 /* Build configuration list for PBXNativeTarget "problemsets_1a" */ = {
			isa = XCConfigurationList;
			buildConfigurations = (
				AA12EFDF23C5583A0006C284 /* Debug */,
				AA12EFE023C5583A0006C284 /* Release */,
			);
			defaultConfigurationIsVisible = 0;
			defaultConfigurationName = Release;
		};
		AA131A7C23C40E2D00482B9A /* Build configuration list for PBXProject "comp9024" */ = {
			isa = XCConfigurationList;
			buildConfigurations = (
				AA131A8623C40E2D00482B9A /* Debug */,
				AA131A8723C40E2D00482B9A /* Release */,
			);
			defaultConfigurationIsVisible = 0;
			defaultConfigurationName = Release;
		};
		AA131A8823C40E2D00482B9A /* Build configuration list for PBXNativeTarget "week1_programs" */ = {
			isa = XCConfigurationList;
			buildConfigurations = (
				AA131A8923C40E2D00482B9A /* Debug */,
				AA131A8A23C40E2D00482B9A /* Release */,
			);
			defaultConfigurationIsVisible = 0;
			defaultConfigurationName = Release;
		};
		AA131A9623C41E2D00482B9A /* Build configuration list for PBXNativeTarget "week2_programs" */ = {
			isa = XCConfigurationList;
			buildConfigurations = (
				AA131A9723C41E2D00482B9A /* Debug */,
				AA131A9823C41E2D00482B9A /* Release */,
			);
			defaultConfigurationIsVisible = 0;
			defaultConfigurationName = Release;
		};
		AA1CFA4E23D019700033228D /* Build configuration list for PBXNativeTarget "ass_part_a" */ = {
			isa = XCConfigurationList;
			buildConfigurations = (
				AA1CFA4C23D019700033228D /* Debug */,
				AA1CFA4D23D019700033228D /* Release */,
			);
			defaultConfigurationIsVisible = 0;
			defaultConfigurationName = Release;
		};
		AA7D583623C600A400D668C3 /* Build configuration list for PBXNativeTarget "programsets_1b" */ = {
			isa = XCConfigurationList;
			buildConfigurations = (
				AA7D583423C600A400D668C3 /* Debug */,
				AA7D583523C600A400D668C3 /* Release */,
			);
			defaultConfigurationIsVisible = 0;
			defaultConfigurationName = Release;
		};
		AA7D584123C754EF00D668C3 /* Build configuration list for PBXNativeTarget "ass_part_c" */ = {
			isa = XCConfigurationList;
			buildConfigurations = (
				AA7D584223C754EF00D668C3 /* Debug */,
				AA7D584323C754EF00D668C3 /* Release */,
			);
			defaultConfigurationIsVisible = 0;
			defaultConfigurationName = Release;
		};
/* End XCConfigurationList section */
	};
	rootObject = AA131A7923C40E2D00482B9A /* Project object */;
}
